# THIS IS AN AUTOGENERATED FILE. DO NOT EDIT THIS FILE DIRECTLY.
# yarn lockfile v1


dompurify@^3.0.9:
  version "3.0.9"
  resolved "https://registry.yarnpkg.com/dompurify/-/dompurify-3.0.9.tgz#b3f362f24b99f53498c75d43ecbd784b0b3ad65e"
  integrity sha512-uyb4NDIvQ3hRn6NiC+SIFaP4mJ/MdXlvtunaqK9Bn6dD3RuB/1S/gasEjDHD8eiaqdSael2vBv+hOs7Y+jhYOQ==

marked@^12.0.1:
  version "12.0.1"
  resolved "https://registry.yarnpkg.com/marked/-/marked-12.0.1.tgz#8ab1eb15560c7cbe3b011074845d7ca6c4d392b0"
  integrity sha512-Y1/V2yafOcOdWQCX0XpAKXzDakPOpn6U0YLxTJs3cww6VxOzZV1BTOOYWLvH3gX38cq+iLwljHHTnMtlDfg01Q==
